// !$*UTF8*$!
{
	archiveVersion = 1;
	classes = {
	};
	objectVersion = 77;
	objects = {

/* Begin PBXContainerItemProxy section */
		49A4A7002E28BCA8002D7946 /* PBXContainerItemProxy */ = {
			isa = PBXContainerItemProxy;
			containerPortal = 49A4A6E92E28BCA7002D7946 /* Project object */;
			proxyType = 1;
			remoteGlobalIDString = 49A4A6F02E28BCA7002D7946;
			remoteInfo = Lifetimer;
		};
		49A4A70A2E28BCA8002D7946 /* PBXContainerItemProxy */ = {
			isa = PBXContainerItemProxy;
			containerPortal = 49A4A6E92E28BCA7002D7946 /* Project object */;
			proxyType = 1;
			remoteGlobalIDString = 49A4A6F02E28BCA7002D7946;
			remoteInfo = Lifetimer;
		};
/* End PBXContainerItemProxy section */

/* Begin PBXFileReference section */
		49A4A6F12E28BCA7002D7946 /* Lifetimer.app */ = {isa = PBXFileReference; explicitFileType = wrapper.application; includeInIndex = 0; path = Lifetimer.app; sourceTree = BUILT_PRODUCTS_DIR; };
		49A4A6FF2E28BCA8002D7946 /* LifetimerTests.xctest */ = {isa = PBXFileReference; explicitFileType = wrapper.cfbundle; includeInIndex = 0; path = LifetimerTests.xctest; sourceTree = BUILT_PRODUCTS_DIR; };
		49A4A7092E28BCA8002D7946 /* LifetimerUITests.xctest */ = {isa = PBXFileReference; explicitFileType = wrapper.cfbundle; includeInIndex = 0; path = LifetimerUITests.xctest; sourceTree = BUILT_PRODUCTS_DIR; };
/* End PBXFileReference section */

/* Begin PBXFileSystemSynchronizedRootGroup section */
		49A4A6F32E28BCA7002D7946 /* Lifetimer */ = {
			isa = PBXFileSystemSynchronizedRootGroup;
			path = Lifetimer;
			sourceTree = "<group>";
		};
		49A4A7022E28BCA8002D7946 /* LifetimerTests */ = {
			isa = PBXFileSystemSynchronizedRootGroup;
			path = LifetimerTests;
			sourceTree = "<group>";
		};
		49A4A70C2E28BCA8002D7946 /* LifetimerUITests */ = {
			isa = PBXFileSystemSynchronizedRootGroup;
			path = LifetimerUITests;
			sourceTree = "<group>";
		};
/* End PBXFileSystemSynchronizedRootGroup section */

/* Begin PBXFrameworksBuildPhase section */
		49A4A6EE2E28BCA7002D7946 /* Frameworks */ = {
			isa = PBXFrameworksBuildPhase;
			buildActionMask = 2147483647;
			files = (
			);
			runOnlyForDeploymentPostprocessing = 0;
		};
		49A4A6FC2E28BCA8002D7946 /* Frameworks */ = {
			isa = PBXFrameworksBuildPhase;
			buildActionMask = 2147483647;
			files = (
			);
			runOnlyForDeploymentPostprocessing = 0;
		};
		49A4A7062E28BCA8002D7946 /* Frameworks */ = {
			isa = PBXFrameworksBuildPhase;
			buildActionMask = 2147483647;
			files = (
			);
			runOnlyForDeploymentPostprocessing = 0;
		};
/* End PBXFrameworksBuildPhase section */

/* Begin PBXGroup section */
		49A4A6E82E28BCA7002D7946 = {
			isa = PBXGroup;
			children = (
				49A4A6F32E28BCA7002D7946 /* Lifetimer */,
				49A4A7022E28BCA8002D7946 /* LifetimerTests */,
				49A4A70C2E28BCA8002D7946 /* LifetimerUITests */,
				49A4A6F22E28BCA7002D7946 /* Products */,
			);
			sourceTree = "<group>";
		};
		49A4A6F22E28BCA7002D7946 /* Products */ = {
			isa = PBXGroup;
			children = (
				49A4A6F12E28BCA7002D7946 /* Lifetimer.app */,
				49A4A6FF2E28BCA8002D7946 /* LifetimerTests.xctest */,
				49A4A7092E28BCA8002D7946 /* LifetimerUITests.xctest */,
			);
			name = Products;
			sourceTree = "<group>";
		};
/* End PBXGroup section */

/* Begin PBXNativeTarget section */
		49A4A6F02E28BCA7002D7946 /* Lifetimer */ = {
			isa = PBXNativeTarget;
			buildConfigurationList = 49A4A7132E28BCA8002D7946 /* Build configuration list for PBXNativeTarget "Lifetimer" */;
			buildPhases = (
				49A4A6ED2E28BCA7002D7946 /* Sources */,
				49A4A6EE2E28BCA7002D7946 /* Frameworks */,
				49A4A6EF2E28BCA7002D7946 /* Resources */,
			);
			buildRules = (
			);
			dependencies = (
			);
			fileSystemSynchronizedGroups = (
				49A4A6F32E28BCA7002D7946 /* Lifetimer */,
			);
			name = Lifetimer;
			packageProductDependencies = (
			);
			productName = Lifetimer;
			productReference = 49A4A6F12E28BCA7002D7946 /* Lifetimer.app */;
			productType = "com.apple.product-type.application";
		};
		49A4A6FE2E28BCA8002D7946 /* LifetimerTests */ = {
			isa = PBXNativeTarget;
			buildConfigurationList = 49A4A7162E28BCA8002D7946 /* Build configuration list for PBXNativeTarget "LifetimerTests" */;
			buildPhases = (
				49A4A6FB2E28BCA8002D7946 /* Sources */,
				49A4A6FC2E28BCA8002D7946 /* Frameworks */,
				49A4A6FD2E28BCA8002D7946 /* Resources */,
			);
			buildRules = (
			);
			dependencies = (
				49A4A7012E28BCA8002D7946 /* PBXTargetDependency */,
			);
			fileSystemSynchronizedGroups = (
				49A4A7022E28BCA8002D7946 /* LifetimerTests */,
			);
			name = LifetimerTests;
			packageProductDependencies = (
			);
			productName = LifetimerTests;
			productReference = 49A4A6FF2E28BCA8002D7946 /* LifetimerTests.xctest */;
			productType = "com.apple.product-type.bundle.unit-test";
		};
		49A4A7082E28BCA8002D7946 /* LifetimerUITests */ = {
			isa = PBXNativeTarget;
			buildConfigurationList = 49A4A7192E28BCA8002D7946 /* Build configuration list for PBXNativeTarget "LifetimerUITests" */;
			buildPhases = (
				49A4A7052E28BCA8002D7946 /* Sources */,
				49A4A7062E28BCA8002D7946 /* Frameworks */,
				49A4A7072E28BCA8002D7946 /* Resources */,
			);
			buildRules = (
			);
			dependencies = (
				49A4A70B2E28BCA8002D7946 /* PBXTargetDependency */,
			);
			fileSystemSynchronizedGroups = (
				49A4A70C2E28BCA8002D7946 /* LifetimerUITests */,
			);
			name = LifetimerUITests;
			packageProductDependencies = (
			);
			productName = LifetimerUITests;
			productReference = 49A4A7092E28BCA8002D7946 /* LifetimerUITests.xctest */;
			productType = "com.apple.product-type.bundle.ui-testing";
		};
/* End PBXNativeTarget section */

/* Begin PBXProject section */
		49A4A6E92E28BCA7002D7946 /* Project object */ = {
			isa = PBXProject;
			attributes = {
				BuildIndependentTargetsInParallel = 1;
				LastSwiftUpdateCheck = 1640;
				LastUpgradeCheck = 1640;
				TargetAttributes = {
					49A4A6F02E28BCA7002D7946 = {
						CreatedOnToolsVersion = 16.4;
					};
					49A4A6FE2E28BCA8002D7946 = {
						CreatedOnToolsVersion = 16.4;
						TestTargetID = 49A4A6F02E28BCA7002D7946;
					};
					49A4A7082E28BCA8002D7946 = {
						CreatedOnToolsVersion = 16.4;
						TestTargetID = 49A4A6F02E28BCA7002D7946;
					};
				};
			};
			buildConfigurationList = 49A4A6EC2E28BCA7002D7946 /* Build configuration list for PBXProject "Lifetimer" */;
			developmentRegion = en;
			hasScannedForEncodings = 0;
			knownRegions = (
				en,
				Base,
			);
			mainGroup = 49A4A6E82E28BCA7002D7946;
			minimizedProjectReferenceProxies = 1;
			preferredProjectObjectVersion = 77;
			productRefGroup = 49A4A6F22E28BCA7002D7946 /* Products */;
			projectDirPath = "";
			projectRoot = "";
			targets = (
				49A4A6F02E28BCA7002D7946 /* Lifetimer */,
				49A4A6FE2E28BCA8002D7946 /* LifetimerTests */,
				49A4A7082E28BCA8002D7946 /* LifetimerUITests */,
			);
		};
/* End PBXProject section */

/* Begin PBXResourcesBuildPhase section */
		49A4A6EF2E28BCA7002D7946 /* Resources */ = {
			isa = PBXResourcesBuildPhase;
			buildActionMask = 2147483647;
			files = (
			);
			runOnlyForDeploymentPostprocessing = 0;
		};
		49A4A6FD2E28BCA8002D7946 /* Resources */ = {
			isa = PBXResourcesBuildPhase;
			buildActionMask = 2147483647;
			files = (
			);
			runOnlyForDeploymentPostprocessing = 0;
		};
		49A4A7072E28BCA8002D7946 /* Resources */ = {
			isa = PBXResourcesBuildPhase;
			buildActionMask = 2147483647;
			files = (
			);
			runOnlyForDeploymentPostprocessing = 0;
		};
/* End PBXResourcesBuildPhase section */

/* Begin PBXSourcesBuildPhase section */
		49A4A6ED2E28BCA7002D7946 /* Sources */ = {
			isa = PBXSourcesBuildPhase;
			buildActionMask = 2147483647;
			files = (
			);
			runOnlyForDeploymentPostprocessing = 0;
		};
		49A4A6FB2E28BCA8002D7946 /* Sources */ = {
			isa = PBXSourcesBuildPhase;
			buildActionMask = 2147483647;
			files = (
			);
			runOnlyForDeploymentPostprocessing = 0;
		};
		49A4A7052E28BCA8002D7946 /* Sources */ = {
			isa = PBXSourcesBuildPhase;
			buildActionMask = 2147483647;
			files = (
			);
			runOnlyForDeploymentPostprocessing = 0;
		};
/* End PBXSourcesBuildPhase section */

/* Begin PBXTargetDependency section */
		49A4A7012E28BCA8002D7946 /* PBXTargetDependency */ = {
			isa = PBXTargetDependency;
			target = 49A4A6F02E28BCA7002D7946 /* Lifetimer */;
			targetProxy = 49A4A7002E28BCA8002D7946 /* PBXContainerItemProxy */;
		};
		49A4A70B2E28BCA8002D7946 /* PBXTargetDependency */ = {
			isa = PBXTargetDependency;
			target = 49A4A6F02E28BCA7002D7946 /* Lifetimer */;
			targetProxy = 49A4A70A2E28BCA8002D7946 /* PBXContainerItemProxy */;
		};
/* End PBXTargetDependency section */

/* Begin XCBuildConfiguration section */
		49A4A7112E28BCA8002D7946 /* Debug */ = {
			isa = XCBuildConfiguration;
			buildSettings = {
				ALWAYS_SEARCH_USER_PATHS = NO;
				ASSETCATALOG_COMPILER_GENERATE_SWIFT_ASSET_SYMBOL_EXTENSIONS = YES;
				CLANG_ANALYZER_NONNULL = YES;
				CLANG_ANALYZER_NUMBER_OBJECT_CONVERSION = YES_AGGRESSIVE;
				CLANG_CXX_LANGUAGE_STANDARD = "gnu++20";
				CLANG_ENABLE_MODULES = YES;
				CLANG_ENABLE_OBJC_ARC = YES;
				CLANG_ENABLE_OBJC_WEAK = YES;
				CLANG_WARN_BLOCK_CAPTURE_AUTORELEASING = YES;
				CLANG_WARN_BOOL_CONVERSION = YES;
				CLANG_WARN_COMMA = YES;
				CLANG_WARN_CONSTANT_CONVERSION = YES;
				CLANG_WARN_DEPRECATED_OBJC_IMPLEMENTATIONS = YES;
				CLANG_WARN_DIRECT_OBJC_ISA_USAGE = YES_ERROR;
				CLANG_WARN_DOCUMENTATION_COMMENTS = YES;
				CLANG_WARN_EMPTY_BODY = YES;
				CLANG_WARN_ENUM_CONVERSION = YES;
				CLANG_WARN_INFINITE_RECURSION = YES;
				CLANG_WARN_INT_CONVERSION = YES;
				CLANG_WARN_NON_LITERAL_NULL_CONVERSION = YES;
				CLANG_WARN_OBJC_IMPLICIT_RETAIN_SELF = YES;
				CLANG_WARN_OBJC_LITERAL_CONVERSION = YES;
				CLANG_WARN_OBJC_ROOT_CLASS = YES_ERROR;
				CLANG_WARN_QUOTED_INCLUDE_IN_FRAMEWORK_HEADER = YES;
				CLANG_WARN_RANGE_LOOP_ANALYSIS = YES;
				CLANG_WARN_STRICT_PROTOTYPES = YES;
				CLANG_WARN_SUSPICIOUS_MOVE = YES;
				CLANG_WARN_UNGUARDED_AVAILABILITY = YES_AGGRESSIVE;
				CLANG_WARN_UNREACHABLE_CODE = YES;
				CLANG_WARN__DUPLICATE_METHOD_MATCH = YES;
				COPY_PHASE_STRIP = NO;
				DEBUG_INFORMATION_FORMAT = dwarf;
				DEVELOPMENT_TEAM = K634QKK3DM;
				ENABLE_STRICT_OBJC_MSGSEND = YES;
				ENABLE_TESTABILITY = YES;
				ENABLE_USER_SCRIPT_SANDBOXING = YES;
				GCC_C_LANGUAGE_STANDARD = gnu17;
				GCC_DYNAMIC_NO_PIC = NO;
				GCC_NO_COMMON_BLOCKS = YES;
				GCC_OPTIMIZATION_LEVEL = 0;
				GCC_PREPROCESSOR_DEFINITIONS = (
					"DEBUG=1",
					"$(inherited)",
				);
				GCC_WARN_64_TO_32_BIT_CONVERSION = YES;
				GCC_WARN_ABOUT_RETURN_TYPE = YES_ERROR;
				GCC_WARN_UNDECLARED_SELECTOR = YES;
				GCC_WARN_UNINITIALIZED_AUTOS = YES_AGGRESSIVE;
				GCC_WARN_UNUSED_FUNCTION = YES;
				GCC_WARN_UNUSED_VARIABLE = YES;
				LOCALIZATION_PREFERS_STRING_CATALOGS = YES;
				MACOSX_DEPLOYMENT_TARGET = 15.5;
				MTL_ENABLE_DEBUG_INFO = INCLUDE_SOURCE;
				MTL_FAST_MATH = YES;
				ONLY_ACTIVE_ARCH = YES;
				SDKROOT = macosx;
				SWIFT_ACTIVE_COMPILATION_CONDITIONS = "DEBUG $(inherited)";
				SWIFT_OPTIMIZATION_LEVEL = "-Onone";
			};
			name = Debug;
		};
		49A4A7122E28BCA8002D7946 /* Release */ = {
			isa = XCBuildConfiguration;
			buildSettings = {
				ALWAYS_SEARCH_USER_PATHS = NO;
				ASSETCATALOG_COMPILER_GENERATE_SWIFT_ASSET_SYMBOL_EXTENSIONS = YES;
				CLANG_ANALYZER_NONNULL = YES;
				CLANG_ANALYZER_NUMBER_OBJECT_CONVERSION = YES_AGGRESSIVE;
				CLANG_CXX_LANGUAGE_STANDARD = "gnu++20";
				CLANG_ENABLE_MODULES = YES;
				CLANG_ENABLE_OBJC_ARC = YES;
				CLANG_ENABLE_OBJC_WEAK = YES;
				CLANG_WARN_BLOCK_CAPTURE_AUTORELEASING = YES;
				CLANG_WARN_BOOL_CONVERSION = YES;
				CLANG_WARN_COMMA = YES;
				CLANG_WARN_CONSTANT_CONVERSION = YES;
				CLANG_WARN_DEPRECATED_OBJC_IMPLEMENTATIONS = YES;
				CLANG_WARN_DIRECT_OBJC_ISA_USAGE = YES_ERROR;
				CLANG_WARN_DOCUMENTATION_COMMENTS = YES;
				CLANG_WARN_EMPTY_BODY = YES;
				CLANG_WARN_ENUM_CONVERSION = YES;
				CLANG_WARN_INFINITE_RECURSION = YES;
				CLANG_WARN_INT_CONVERSION = YES;
				CLANG_WARN_NON_LITERAL_NULL_CONVERSION = YES;
				CLANG_WARN_OBJC_IMPLICIT_RETAIN_SELF = YES;
				CLANG_WARN_OBJC_LITERAL_CONVERSION = YES;
				CLANG_WARN_OBJC_ROOT_CLASS = YES_ERROR;
				CLANG_WARN_QUOTED_INCLUDE_IN_FRAMEWORK_HEADER = YES;
				CLANG_WARN_RANGE_LOOP_ANALYSIS = YES;
				CLANG_WARN_STRICT_PROTOTYPES = YES;
				CLANG_WARN_SUSPICIOUS_MOVE = YES;
				CLANG_WARN_UNGUARDED_AVAILABILITY = YES_AGGRESSIVE;
				CLANG_WARN_UNREACHABLE_CODE = YES;
				CLANG_WARN__DUPLICATE_METHOD_MATCH = YES;
				COPY_PHASE_STRIP = NO;
				DEBUG_INFORMATION_FORMAT = "dwarf-with-dsym";
				DEVELOPMENT_TEAM = K634QKK3DM;
				ENABLE_NS_ASSERTIONS = NO;
				ENABLE_STRICT_OBJC_MSGSEND = YES;
				ENABLE_USER_SCRIPT_SANDBOXING = YES;
				GCC_C_LANGUAGE_STANDARD = gnu17;
				GCC_NO_COMMON_BLOCKS = YES;
				GCC_WARN_64_TO_32_BIT_CONVERSION = YES;
				GCC_WARN_ABOUT_RETURN_TYPE = YES_ERROR;
				GCC_WARN_UNDECLARED_SELECTOR = YES;
				GCC_WARN_UNINITIALIZED_AUTOS = YES_AGGRESSIVE;
				GCC_WARN_UNUSED_FUNCTION = YES;
				GCC_WARN_UNUSED_VARIABLE = YES;
				LOCALIZATION_PREFERS_STRING_CATALOGS = YES;
				MACOSX_DEPLOYMENT_TARGET = 15.5;
				MTL_ENABLE_DEBUG_INFO = NO;
				MTL_FAST_MATH = YES;
				SDKROOT = macosx;
				SWIFT_COMPILATION_MODE = wholemodule;
			};
			name = Release;
		};
		49A4A7142E28BCA8002D7946 /* Debug */ = {
			isa = XCBuildConfiguration;
			buildSettings = {
				ASSETCATALOG_COMPILER_APPICON_NAME = AppIcon;
				ASSETCATALOG_COMPILER_GLOBAL_ACCENT_COLOR_NAME = AccentColor;
				CODE_SIGN_ENTITLEMENTS = Lifetimer/Lifetimer.entitlements;
				CODE_SIGN_STYLE = Automatic;
				COMBINE_HIDPI_IMAGES = YES;
				CURRENT_PROJECT_VERSION = 1;
				DEVELOPMENT_TEAM = K634QKK3DM;
				ENABLE_HARDENED_RUNTIME = YES;
				ENABLE_PREVIEWS = YES;
				GENERATE_INFOPLIST_FILE = YES;
				INFOPLIST_KEY_NSHumanReadableCopyright = "";
				LD_RUNPATH_SEARCH_PATHS = (
					"$(inherited)",
					"@executable_path/../Frameworks",
				);
				MARKETING_VERSION = 1.0;
				PRODUCT_BUNDLE_IDENTIFIER = com.drewzhou.Lifetimer;
				PRODUCT_NAME = "$(TARGET_NAME)";
				REGISTER_APP_GROUPS = YES;
				SWIFT_EMIT_LOC_STRINGS = YES;
				SWIFT_VERSION = 5.0;
			};
			name = Debug;
		};
		49A4A7152E28BCA8002D7946 /* Release */ = {
			isa = XCBuildConfiguration;
			buildSettings = {
				ASSETCATALOG_COMPILER_APPICON_NAME = AppIcon;
				ASSETCATALOG_COMPILER_GLOBAL_ACCENT_COLOR_NAME = AccentColor;
				CODE_SIGN_ENTITLEMENTS = Lifetimer/Lifetimer.entitlements;
				CODE_SIGN_STYLE = Automatic;
				COMBINE_HIDPI_IMAGES = YES;
				CURRENT_PROJECT_VERSION = 1;
				DEVELOPMENT_TEAM = K634QKK3DM;
				ENABLE_HARDENED_RUNTIME = YES;
				ENABLE_PREVIEWS = YES;
				GENERATE_INFOPLIST_FILE = YES;
				INFOPLIST_KEY_NSHumanReadableCopyright = "";
				LD_RUNPATH_SEARCH_PATHS = (
					"$(inherited)",
					"@executable_path/../Frameworks",
				);
				MARKETING_VERSION = 1.0;
				PRODUCT_BUNDLE_IDENTIFIER = com.drewzhou.Lifetimer;
				PRODUCT_NAME = "$(TARGET_NAME)";
				REGISTER_APP_GROUPS = YES;
				SWIFT_EMIT_LOC_STRINGS = YES;
				SWIFT_VERSION = 5.0;
			};
			name = Release;
		};
		49A4A7172E28BCA8002D7946 /* Debug */ = {
			isa = XCBuildConfiguration;
			buildSettings = {
				BUNDLE_LOADER = "$(TEST_HOST)";
				CODE_SIGN_STYLE = Automatic;
				CURRENT_PROJECT_VERSION = 1;
				DEVELOPMENT_TEAM = K634QKK3DM;
				GENERATE_INFOPLIST_FILE = YES;
				MACOSX_DEPLOYMENT_TARGET = 15.5;
				MARKETING_VERSION = 1.0;
				PRODUCT_BUNDLE_IDENTIFIER = com.drewzhou.LifetimerTests;
				PRODUCT_NAME = "$(TARGET_NAME)";
				SWIFT_EMIT_LOC_STRINGS = NO;
				SWIFT_VERSION = 5.0;
				TEST_HOST = "$(BUILT_PRODUCTS_DIR)/Lifetimer.app/$(BUNDLE_EXECUTABLE_FOLDER_PATH)/Lifetimer";
			};
			name = Debug;
		};
		49A4A7182E28BCA8002D7946 /* Release */ = {
			isa = XCBuildConfiguration;
			buildSettings = {
				BUNDLE_LOADER = "$(TEST_HOST)";
				CODE_SIGN_STYLE = Automatic;
				CURRENT_PROJECT_VERSION = 1;
				DEVELOPMENT_TEAM = K634QKK3DM;
				GENERATE_INFOPLIST_FILE = YES;
				MACOSX_DEPLOYMENT_TARGET = 15.5;
				MARKETING_VERSION = 1.0;
				PRODUCT_BUNDLE_IDENTIFIER = com.drewzhou.LifetimerTests;
				PRODUCT_NAME = "$(TARGET_NAME)";
				SWIFT_EMIT_LOC_STRINGS = NO;
				SWIFT_VERSION = 5.0;
				TEST_HOST = "$(BUILT_PRODUCTS_DIR)/Lifetimer.app/$(BUNDLE_EXECUTABLE_FOLDER_PATH)/Lifetimer";
			};
			name = Release;
		};
		49A4A71A2E28BCA8002D7946 /* Debug */ = {
			isa = XCBuildConfiguration;
			buildSettings = {
				CODE_SIGN_STYLE = Automatic;
				CURRENT_PROJECT_VERSION = 1;
				DEVELOPMENT_TEAM = K634QKK3DM;
				GENERATE_INFOPLIST_FILE = YES;
				MARKETING_VERSION = 1.0;
				PRODUCT_BUNDLE_IDENTIFIER = com.drewzhou.LifetimerUITests;
				PRODUCT_NAME = "$(TARGET_NAME)";
				SWIFT_EMIT_LOC_STRINGS = NO;
				SWIFT_VERSION = 5.0;
				TEST_TARGET_NAME = Lifetimer;
			};
			name = Debug;
		};
		49A4A71B2E28BCA8002D7946 /* Release */ = {
			isa = XCBuildConfiguration;
			buildSettings = {
				CODE_SIGN_STYLE = Automatic;
				CURRENT_PROJECT_VERSION = 1;
				DEVELOPMENT_TEAM = K634QKK3DM;
				GENERATE_INFOPLIST_FILE = YES;
				MARKETING_VERSION = 1.0;
				PRODUCT_BUNDLE_IDENTIFIER = com.drewzhou.LifetimerUITests;
				PRODUCT_NAME = "$(TARGET_NAME)";
				SWIFT_EMIT_LOC_STRINGS = NO;
				SWIFT_VERSION = 5.0;
				TEST_TARGET_NAME = Lifetimer;
			};
			name = Release;
		};
/* End XCBuildConfiguration section */

/* Begin XCConfigurationList section */
		49A4A6EC2E28BCA7002D7946 /* Build configuration list for PBXProject "Lifetimer" */ = {
			isa = XCConfigurationList;
			buildConfigurations = (
				49A4A7112E28BCA8002D7946 /* Debug */,
				49A4A7122E28BCA8002D7946 /* Release */,
			);
			defaultConfigurationIsVisible = 0;
			defaultConfigurationName = Release;
		};
		49A4A7132E28BCA8002D7946 /* Build configuration list for PBXNativeTarget "Lifetimer" */ = {
			isa = XCConfigurationList;
			buildConfigurations = (
				49A4A7142E28BCA8002D7946 /* Debug */,
				49A4A7152E28BCA8002D7946 /* Release */,
			);
			defaultConfigurationIsVisible = 0;
			defaultConfigurationName = Release;
		};
		49A4A7162E28BCA8002D7946 /* Build configuration list for PBXNativeTarget "LifetimerTests" */ = {
			isa = XCConfigurationList;
			buildConfigurations = (
				49A4A7172E28BCA8002D7946 /* Debug */,
				49A4A7182E28BCA8002D7946 /* Release */,
			);
			defaultConfigurationIsVisible = 0;
			defaultConfigurationName = Release;
		};
		49A4A7192E28BCA8002D7946 /* Build configuration list for PBXNativeTarget "LifetimerUITests" */ = {
			isa = XCConfigurationList;
			buildConfigurations = (
				49A4A71A2E28BCA8002D7946 /* Debug */,
				49A4A71B2E28BCA8002D7946 /* Release */,
			);
			defaultConfigurationIsVisible = 0;
			defaultConfigurationName = Release;
		};
/* End XCConfigurationList section */
	};
	rootObject = 49A4A6E92E28BCA7002D7946 /* Project object */;
}
